// !$*UTF8*$!
{
	archiveVersion = 1;
	classes = {
	};
	objectVersion = 46;
	objects = {

/* Begin PBXBuildFile section */
		33F7165D1D7802BB0012EE43 /* main.m in Sources */ = {isa = PBXBuildFile; fileRef = 33F7165C1D7802BB0012EE43 /* main.m */; };
		33F716601D7802BB0012EE43 /* AppDelegate.m in Sources */ = {isa = PBXBuildFile; fileRef = 33F7165F1D7802BB0012EE43 /* AppDelegate.m */; };
		33F716631D7802BB0012EE43 /* ViewController.m in Sources */ = {isa = PBXBuildFile; fileRef = 33F716621D7802BB0012EE43 /* ViewController.m */; };
		33F716661D7802BB0012EE43 /* Main.storyboard in Resources */ = {isa = PBXBuildFile; fileRef = 33F716641D7802BB0012EE43 /* Main.storyboard */; };
		33F716681D7802BB0012EE43 /* Assets.xcassets in Resources */ = {isa = PBXBuildFile; fileRef = 33F716671D7802BB0012EE43 /* Assets.xcassets */; };
		33F7166B1D7802BB0012EE43 /* LaunchScreen.storyboard in Resources */ = {isa = PBXBuildFile; fileRef = 33F716691D7802BB0012EE43 /* LaunchScreen.storyboard */; };
		33F716761D7802BB0012EE43 /* UIBezierPath__Tests.m in Sources */ = {isa = PBXBuildFile; fileRef = 33F716751D7802BB0012EE43 /* UIBezierPath__Tests.m */; };
		33F716811D7802BC0012EE43 /* UIBezierPath__UITests.m in Sources */ = {isa = PBXBuildFile; fileRef = 33F716801D7802BC0012EE43 /* UIBezierPath__UITests.m */; };
		33F716901D7803010012EE43 /* BezierPathView.m in Sources */ = {isa = PBXBuildFile; fileRef = 33F7168F1D7803010012EE43 /* BezierPathView.m */; };
/* End PBXBuildFile section */

/* Begin PBXContainerItemProxy section */
		33F716721D7802BB0012EE43 /* PBXContainerItemProxy */ = {
			isa = PBXContainerItemProxy;
			containerPortal = 33F716501D7802BB0012EE43 /* Project object */;
			proxyType = 1;
			remoteGlobalIDString = 33F716571D7802BB0012EE43;
			remoteInfo = "UIBezierPath绘图";
		};
		33F7167D1D7802BC0012EE43 /* PBXContainerItemProxy */ = {
			isa = PBXContainerItemProxy;
			containerPortal = 33F716501D7802BB0012EE43 /* Project object */;
			proxyType = 1;
			remoteGlobalIDString = 33F716571D7802BB0012EE43;
			remoteInfo = "UIBezierPath绘图";
		};
/* End PBXContainerItemProxy section */

/* Begin PBXFileReference section */
		33F716581D7802BB0012EE43 /* UIBezierPath绘图.app */ = {isa = PBXFileReference; explicitFileType = wrapper.application; includeInIndex = 0; path = "UIBezierPath绘图.app"; sourceTree = BUILT_PRODUCTS_DIR; };
		33F7165C1D7802BB0012EE43 /* main.m */ = {isa = PBXFileReference; lastKnownFileType = sourcecode.c.objc; path = main.m; sourceTree = "<group>"; };
		33F7165E1D7802BB0012EE43 /* AppDelegate.h */ = {isa = PBXFileReference; lastKnownFileType = sourcecode.c.h; path = AppDelegate.h; sourceTree = "<group>"; };
		33F7165F1D7802BB0012EE43 /* AppDelegate.m */ = {isa = PBXFileReference; lastKnownFileType = sourcecode.c.objc; path = AppDelegate.m; sourceTree = "<group>"; };
		33F716611D7802BB0012EE43 /* ViewController.h */ = {isa = PBXFileReference; lastKnownFileType = sourcecode.c.h; path = ViewController.h; sourceTree = "<group>"; };
		33F716621D7802BB0012EE43 /* ViewController.m */ = {isa = PBXFileReference; lastKnownFileType = sourcecode.c.objc; path = ViewController.m; sourceTree = "<group>"; };
		33F716651D7802BB0012EE43 /* Base */ = {isa = PBXFileReference; lastKnownFileType = file.storyboard; name = Base; path = Base.lproj/Main.storyboard; sourceTree = "<group>"; };
		33F716671D7802BB0012EE43 /* Assets.xcassets */ = {isa = PBXFileReference; lastKnownFileType = folder.assetcatalog; path = Assets.xcassets; sourceTree = "<group>"; };
		33F7166A1D7802BB0012EE43 /* Base */ = {isa = PBXFileReference; lastKnownFileType = file.storyboard; name = Base; path = Base.lproj/LaunchScreen.storyboard; sourceTree = "<group>"; };
		33F7166C1D7802BB0012EE43 /* Info.plist */ = {isa = PBXFileReference; lastKnownFileType = text.plist.xml; path = Info.plist; sourceTree = "<group>"; };
		33F716711D7802BB0012EE43 /* UIBezierPath绘图Tests.xctest */ = {isa = PBXFileReference; explicitFileType = wrapper.cfbundle; includeInIndex = 0; path = "UIBezierPath绘图Tests.xctest"; sourceTree = BUILT_PRODUCTS_DIR; };
		33F716751D7802BB0012EE43 /* UIBezierPath__Tests.m */ = {isa = PBXFileReference; lastKnownFileType = sourcecode.c.objc; path = UIBezierPath__Tests.m; sourceTree = "<group>"; };
		33F716771D7802BC0012EE43 /* Info.plist */ = {isa = PBXFileReference; lastKnownFileType = text.plist.xml; path = Info.plist; sourceTree = "<group>"; };
		33F7167C1D7802BC0012EE43 /* UIBezierPath绘图UITests.xctest */ = {isa = PBXFileReference; explicitFileType = wrapper.cfbundle; includeInIndex = 0; path = "UIBezierPath绘图UITests.xctest"; sourceTree = BUILT_PRODUCTS_DIR; };
		33F716801D7802BC0012EE43 /* UIBezierPath__UITests.m */ = {isa = PBXFileReference; lastKnownFileType = sourcecode.c.objc; path = UIBezierPath__UITests.m; sourceTree = "<group>"; };
		33F716821D7802BC0012EE43 /* Info.plist */ = {isa = PBXFileReference; lastKnownFileType = text.plist.xml; path = Info.plist; sourceTree = "<group>"; };
		33F7168E1D7803010012EE43 /* BezierPathView.h */ = {isa = PBXFileReference; fileEncoding = 4; lastKnownFileType = sourcecode.c.h; path = BezierPathView.h; sourceTree = "<group>"; };
		33F7168F1D7803010012EE43 /* BezierPathView.m */ = {isa = PBXFileReference; fileEncoding = 4; lastKnownFileType = sourcecode.c.objc; path = BezierPathView.m; sourceTree = "<group>"; };
/* End PBXFileReference section */

/* Begin PBXFrameworksBuildPhase section */
		33F716551D7802BB0012EE43 /* Frameworks */ = {
			isa = PBXFrameworksBuildPhase;
			buildActionMask = 2147483647;
			files = (
			);
			runOnlyForDeploymentPostprocessing = 0;
		};
		33F7166E1D7802BB0012EE43 /* Frameworks */ = {
			isa = PBXFrameworksBuildPhase;
			buildActionMask = 2147483647;
			files = (
			);
			runOnlyForDeploymentPostprocessing = 0;
		};
		33F716791D7802BC0012EE43 /* Frameworks */ = {
			isa = PBXFrameworksBuildPhase;
			buildActionMask = 2147483647;
			files = (
			);
			runOnlyForDeploymentPostprocessing = 0;
		};
/* End PBXFrameworksBuildPhase section */

/* Begin PBXGroup section */
		33F7164F1D7802BB0012EE43 = {
			isa = PBXGroup;
			children = (
				33F7165A1D7802BB0012EE43 /* UIBezierPath绘图 */,
				33F716741D7802BB0012EE43 /* UIBezierPath绘图Tests */,
				33F7167F1D7802BC0012EE43 /* UIBezierPath绘图UITests */,
				33F716591D7802BB0012EE43 /* Products */,
			);
			sourceTree = "<group>";
		};
		33F716591D7802BB0012EE43 /* Products */ = {
			isa = PBXGroup;
			children = (
				33F716581D7802BB0012EE43 /* UIBezierPath绘图.app */,
				33F716711D7802BB0012EE43 /* UIBezierPath绘图Tests.xctest */,
				33F7167C1D7802BC0012EE43 /* UIBezierPath绘图UITests.xctest */,
			);
			name = Products;
			sourceTree = "<group>";
		};
		33F7165A1D7802BB0012EE43 /* UIBezierPath绘图 */ = {
			isa = PBXGroup;
			children = (
				33F7165E1D7802BB0012EE43 /* AppDelegate.h */,
				33F7165F1D7802BB0012EE43 /* AppDelegate.m */,
				33F716611D7802BB0012EE43 /* ViewController.h */,
				33F716621D7802BB0012EE43 /* ViewController.m */,
				33F7168E1D7803010012EE43 /* BezierPathView.h */,
				33F7168F1D7803010012EE43 /* BezierPathView.m */,
				33F716641D7802BB0012EE43 /* Main.storyboard */,
				33F716671D7802BB0012EE43 /* Assets.xcassets */,
				33F716691D7802BB0012EE43 /* LaunchScreen.storyboard */,
				33F7166C1D7802BB0012EE43 /* Info.plist */,
				33F7165B1D7802BB0012EE43 /* Supporting Files */,
			);
			path = "UIBezierPath绘图";
			sourceTree = "<group>";
		};
		33F7165B1D7802BB0012EE43 /* Supporting Files */ = {
			isa = PBXGroup;
			children = (
				33F7165C1D7802BB0012EE43 /* main.m */,
			);
			name = "Supporting Files";
			sourceTree = "<group>";
		};
		33F716741D7802BB0012EE43 /* UIBezierPath绘图Tests */ = {
			isa = PBXGroup;
			children = (
				33F716751D7802BB0012EE43 /* UIBezierPath__Tests.m */,
				33F716771D7802BC0012EE43 /* Info.plist */,
			);
			path = "UIBezierPath绘图Tests";
			sourceTree = "<group>";
		};
		33F7167F1D7802BC0012EE43 /* UIBezierPath绘图UITests */ = {
			isa = PBXGroup;
			children = (
				33F716801D7802BC0012EE43 /* UIBezierPath__UITests.m */,
				33F716821D7802BC0012EE43 /* Info.plist */,
			);
			path = "UIBezierPath绘图UITests";
			sourceTree = "<group>";
		};
/* End PBXGroup section */

/* Begin PBXNativeTarget section */
		33F716571D7802BB0012EE43 /* UIBezierPath绘图 */ = {
			isa = PBXNativeTarget;
			buildConfigurationList = 33F716851D7802BC0012EE43 /* Build configuration list for PBXNativeTarget "UIBezierPath绘图" */;
			buildPhases = (
				33F716541D7802BB0012EE43 /* Sources */,
				33F716551D7802BB0012EE43 /* Frameworks */,
				33F716561D7802BB0012EE43 /* Resources */,
			);
			buildRules = (
			);
			dependencies = (
			);
			name = "UIBezierPath绘图";
			productName = "UIBezierPath绘图";
			productReference = 33F716581D7802BB0012EE43 /* UIBezierPath绘图.app */;
			productType = "com.apple.product-type.application";
		};
		33F716701D7802BB0012EE43 /* UIBezierPath绘图Tests */ = {
			isa = PBXNativeTarget;
			buildConfigurationList = 33F716881D7802BC0012EE43 /* Build configuration list for PBXNativeTarget "UIBezierPath绘图Tests" */;
			buildPhases = (
				33F7166D1D7802BB0012EE43 /* Sources */,
				33F7166E1D7802BB0012EE43 /* Frameworks */,
				33F7166F1D7802BB0012EE43 /* Resources */,
			);
			buildRules = (
			);
			dependencies = (
				33F716731D7802BB0012EE43 /* PBXTargetDependency */,
			);
			name = "UIBezierPath绘图Tests";
			productName = "UIBezierPath绘图Tests";
			productReference = 33F716711D7802BB0012EE43 /* UIBezierPath绘图Tests.xctest */;
			productType = "com.apple.product-type.bundle.unit-test";
		};
		33F7167B1D7802BC0012EE43 /* UIBezierPath绘图UITests */ = {
			isa = PBXNativeTarget;
			buildConfigurationList = 33F7168B1D7802BC0012EE43 /* Build configuration list for PBXNativeTarget "UIBezierPath绘图UITests" */;
			buildPhases = (
				33F716781D7802BC0012EE43 /* Sources */,
				33F716791D7802BC0012EE43 /* Frameworks */,
				33F7167A1D7802BC0012EE43 /* Resources */,
			);
			buildRules = (
			);
			dependencies = (
				33F7167E1D7802BC0012EE43 /* PBXTargetDependency */,
			);
			name = "UIBezierPath绘图UITests";
			productName = "UIBezierPath绘图UITests";
			productReference = 33F7167C1D7802BC0012EE43 /* UIBezierPath绘图UITests.xctest */;
			productType = "com.apple.product-type.bundle.ui-testing";
		};
/* End PBXNativeTarget section */

/* Begin PBXProject section */
		33F716501D7802BB0012EE43 /* Project object */ = {
			isa = PBXProject;
			attributes = {
				LastUpgradeCheck = 0730;
				ORGANIZATIONNAME = zjx;
				TargetAttributes = {
					33F716571D7802BB0012EE43 = {
						CreatedOnToolsVersion = 7.3;
					};
					33F716701D7802BB0012EE43 = {
						CreatedOnToolsVersion = 7.3;
						TestTargetID = 33F716571D7802BB0012EE43;
					};
					33F7167B1D7802BC0012EE43 = {
						CreatedOnToolsVersion = 7.3;
						TestTargetID = 33F716571D7802BB0012EE43;
					};
				};
			};
			buildConfigurationList = 33F716531D7802BB0012EE43 /* Build configuration list for PBXProject "UIBezierPath绘图" */;
			compatibilityVersion = "Xcode 3.2";
			developmentRegion = English;
			hasScannedForEncodings = 0;
			knownRegions = (
				en,
				Base,
			);
			mainGroup = 33F7164F1D7802BB0012EE43;
			productRefGroup = 33F716591D7802BB0012EE43 /* Products */;
			projectDirPath = "";
			projectRoot = "";
			targets = (
				33F716571D7802BB0012EE43 /* UIBezierPath绘图 */,
				33F716701D7802BB0012EE43 /* UIBezierPath绘图Tests */,
				33F7167B1D7802BC0012EE43 /* UIBezierPath绘图UITests */,
			);
		};
/* End PBXProject section */

/* Begin PBXResourcesBuildPhase section */
		33F716561D7802BB0012EE43 /* Resources */ = {
			isa = PBXResourcesBuildPhase;
			buildActionMask = 2147483647;
			files = (
				33F7166B1D7802BB0012EE43 /* LaunchScreen.storyboard in Resources */,
				33F716681D7802BB0012EE43 /* Assets.xcassets in Resources */,
				33F716661D7802BB0012EE43 /* Main.storyboard in Resources */,
			);
			runOnlyForDeploymentPostprocessing = 0;
		};
		33F7166F1D7802BB0012EE43 /* Resources */ = {
			isa = PBXResourcesBuildPhase;
			buildActionMask = 2147483647;
			files = (
			);
			runOnlyForDeploymentPostprocessing = 0;
		};
		33F7167A1D7802BC0012EE43 /* Resources */ = {
			isa = PBXResourcesBuildPhase;
			buildActionMask = 2147483647;
			files = (
			);
			runOnlyForDeploymentPostprocessing = 0;
		};
/* End PBXResourcesBuildPhase section */

/* Begin PBXSourcesBuildPhase section */
		33F716541D7802BB0012EE43 /* Sources */ = {
			isa = PBXSourcesBuildPhase;
			buildActionMask = 2147483647;
			files = (
				33F716901D7803010012EE43 /* BezierPathView.m in Sources */,
				33F716631D7802BB0012EE43 /* ViewController.m in Sources */,
				33F716601D7802BB0012EE43 /* AppDelegate.m in Sources */,
				33F7165D1D7802BB0012EE43 /* main.m in Sources */,
			);
			runOnlyForDeploymentPostprocessing = 0;
		};
		33F7166D1D7802BB0012EE43 /* Sources */ = {
			isa = PBXSourcesBuildPhase;
			buildActionMask = 2147483647;
			files = (
				33F716761D7802BB0012EE43 /* UIBezierPath__Tests.m in Sources */,
			);
			runOnlyForDeploymentPostprocessing = 0;
		};
		33F716781D7802BC0012EE43 /* Sources */ = {
			isa = PBXSourcesBuildPhase;
			buildActionMask = 2147483647;
			files = (
				33F716811D7802BC0012EE43 /* UIBezierPath__UITests.m in Sources */,
			);
			runOnlyForDeploymentPostprocessing = 0;
		};
/* End PBXSourcesBuildPhase section */

/* Begin PBXTargetDependency section */
		33F716731D7802BB0012EE43 /* PBXTargetDependency */ = {
			isa = PBXTargetDependency;
			target = 33F716571D7802BB0012EE43 /* UIBezierPath绘图 */;
			targetProxy = 33F716721D7802BB0012EE43 /* PBXContainerItemProxy */;
		};
		33F7167E1D7802BC0012EE43 /* PBXTargetDependency */ = {
			isa = PBXTargetDependency;
			target = 33F716571D7802BB0012EE43 /* UIBezierPath绘图 */;
			targetProxy = 33F7167D1D7802BC0012EE43 /* PBXContainerItemProxy */;
		};
/* End PBXTargetDependency section */

/* Begin PBXVariantGroup section */
		33F716641D7802BB0012EE43 /* Main.storyboard */ = {
			isa = PBXVariantGroup;
			children = (
				33F716651D7802BB0012EE43 /* Base */,
			);
			name = Main.storyboard;
			sourceTree = "<group>";
		};
		33F716691D7802BB0012EE43 /* LaunchScreen.storyboard */ = {
			isa = PBXVariantGroup;
			children = (
				33F7166A1D7802BB0012EE43 /* Base */,
			);
			name = LaunchScreen.storyboard;
			sourceTree = "<group>";
		};
/* End PBXVariantGroup section */

/* Begin XCBuildConfiguration section */
		33F716831D7802BC0012EE43 /* Debug */ = {
			isa = XCBuildConfiguration;
			buildSettings = {
				ALWAYS_SEARCH_USER_PATHS = NO;
				CLANG_ANALYZER_NONNULL = YES;
				CLANG_CXX_LANGUAGE_STANDARD = "gnu++0x";
				CLANG_CXX_LIBRARY = "libc++";
				CLANG_ENABLE_MODULES = YES;
				CLANG_ENABLE_OBJC_ARC = YES;
				CLANG_WARN_BOOL_CONVERSION = YES;
				CLANG_WARN_CONSTANT_CONVERSION = YES;
				CLANG_WARN_DIRECT_OBJC_ISA_USAGE = YES_ERROR;
				CLANG_WARN_EMPTY_BODY = YES;
				CLANG_WARN_ENUM_CONVERSION = YES;
				CLANG_WARN_INT_CONVERSION = YES;
				CLANG_WARN_OBJC_ROOT_CLASS = YES_ERROR;
				CLANG_WARN_UNREACHABLE_CODE = YES;
				CLANG_WARN__DUPLICATE_METHOD_MATCH = YES;
				"CODE_SIGN_IDENTITY[sdk=iphoneos*]" = "iPhone Developer";
				COPY_PHASE_STRIP = NO;
				DEBUG_INFORMATION_FORMAT = dwarf;
				ENABLE_STRICT_OBJC_MSGSEND = YES;
				ENABLE_TESTABILITY = YES;
				GCC_C_LANGUAGE_STANDARD = gnu99;
				GCC_DYNAMIC_NO_PIC = NO;
				GCC_NO_COMMON_BLOCKS = YES;
				GCC_OPTIMIZATION_LEVEL = 0;
				GCC_PREPROCESSOR_DEFINITIONS = (
					"DEBUG=1",
					"$(inherited)",
				);
				GCC_WARN_64_TO_32_BIT_CONVERSION = YES;
				GCC_WARN_ABOUT_RETURN_TYPE = YES_ERROR;
				GCC_WARN_UNDECLARED_SELECTOR = YES;
				GCC_WARN_UNINITIALIZED_AUTOS = YES_AGGRESSIVE;
				GCC_WARN_UNUSED_FUNCTION = YES;
				GCC_WARN_UNUSED_VARIABLE = YES;
				IPHONEOS_DEPLOYMENT_TARGET = 9.3;
				MTL_ENABLE_DEBUG_INFO = YES;
				ONLY_ACTIVE_ARCH = YES;
				SDKROOT = iphoneos;
				TARGETED_DEVICE_FAMILY = "1,2";
			};
			name = Debug;
		};
		33F716841D7802BC0012EE43 /* Release */ = {
			isa = XCBuildConfiguration;
			buildSettings = {
				ALWAYS_SEARCH_USER_PATHS = NO;
				CLANG_ANALYZER_NONNULL = YES;
				CLANG_CXX_LANGUAGE_STANDARD = "gnu++0x";
				CLANG_CXX_LIBRARY = "libc++";
				CLANG_ENABLE_MODULES = YES;
				CLANG_ENABLE_OBJC_ARC = YES;
				CLANG_WARN_BOOL_CONVERSION = YES;
				CLANG_WARN_CONSTANT_CONVERSION = YES;
				CLANG_WARN_DIRECT_OBJC_ISA_USAGE = YES_ERROR;
				CLANG_WARN_EMPTY_BODY = YES;
				CLANG_WARN_ENUM_CONVERSION = YES;
				CLANG_WARN_INT_CONVERSION = YES;
				CLANG_WARN_OBJC_ROOT_CLASS = YES_ERROR;
				CLANG_WARN_UNREACHABLE_CODE = YES;
				CLANG_WARN__DUPLICATE_METHOD_MATCH = YES;
				"CODE_SIGN_IDENTITY[sdk=iphoneos*]" = "iPhone Developer";
				COPY_PHASE_STRIP = NO;
				DEBUG_INFORMATION_FORMAT = "dwarf-with-dsym";
				ENABLE_NS_ASSERTIONS = NO;
				ENABLE_STRICT_OBJC_MSGSEND = YES;
				GCC_C_LANGUAGE_STANDARD = gnu99;
				GCC_NO_COMMON_BLOCKS = YES;
				GCC_WARN_64_TO_32_BIT_CONVERSION = YES;
				GCC_WARN_ABOUT_RETURN_TYPE = YES_ERROR;
				GCC_WARN_UNDECLARED_SELECTOR = YES;
				GCC_WARN_UNINITIALIZED_AUTOS = YES_AGGRESSIVE;
				GCC_WARN_UNUSED_FUNCTION = YES;
				GCC_WARN_UNUSED_VARIABLE = YES;
				IPHONEOS_DEPLOYMENT_TARGET = 9.3;
				MTL_ENABLE_DEBUG_INFO = NO;
				SDKROOT = iphoneos;
				TARGETED_DEVICE_FAMILY = "1,2";
				VALIDATE_PRODUCT = YES;
			};
			name = Release;
		};
		33F716861D7802BC0012EE43 /* Debug */ = {
			isa = XCBuildConfiguration;
			buildSettings = {
				ASSETCATALOG_COMPILER_APPICON_NAME = AppIcon;
				INFOPLIST_FILE = "UIBezierPath绘图/Info.plist";
				LD_RUNPATH_SEARCH_PATHS = "$(inherited) @executable_path/Frameworks";
				PRODUCT_BUNDLE_IDENTIFIER = "com.tens.UIBezierPath--";
				PRODUCT_NAME = "$(TARGET_NAME)";
			};
			name = Debug;
		};
		33F716871D7802BC0012EE43 /* Release */ = {
			isa = XCBuildConfiguration;
			buildSettings = {
				ASSETCATALOG_COMPILER_APPICON_NAME = AppIcon;
				INFOPLIST_FILE = "UIBezierPath绘图/Info.plist";
				LD_RUNPATH_SEARCH_PATHS = "$(inherited) @executable_path/Frameworks";
				PRODUCT_BUNDLE_IDENTIFIER = "com.tens.UIBezierPath--";
				PRODUCT_NAME = "$(TARGET_NAME)";
			};
			name = Release;
		};
		33F716891D7802BC0012EE43 /* Debug */ = {
			isa = XCBuildConfiguration;
			buildSettings = {
				BUNDLE_LOADER = "$(TEST_HOST)";
				INFOPLIST_FILE = "UIBezierPath绘图Tests/Info.plist";
				LD_RUNPATH_SEARCH_PATHS = "$(inherited) @executable_path/Frameworks @loader_path/Frameworks";
				PRODUCT_BUNDLE_IDENTIFIER = "com.tens.UIBezierPath--Tests";
				PRODUCT_NAME = "$(TARGET_NAME)";
				TEST_HOST = "$(BUILT_PRODUCTS_DIR)/UIBezierPath绘图.app/UIBezierPath绘图";
			};
			name = Debug;
		};
		33F7168A1D7802BC0012EE43 /* Release */ = {
			isa = XCBuildConfiguration;
			buildSettings = {
				BUNDLE_LOADER = "$(TEST_HOST)";
				INFOPLIST_FILE = "UIBezierPath绘图Tests/Info.plist";
				LD_RUNPATH_SEARCH_PATHS = "$(inherited) @executable_path/Frameworks @loader_path/Frameworks";
				PRODUCT_BUNDLE_IDENTIFIER = "com.tens.UIBezierPath--Tests";
				PRODUCT_NAME = "$(TARGET_NAME)";
				TEST_HOST = "$(BUILT_PRODUCTS_DIR)/UIBezierPath绘图.app/UIBezierPath绘图";
			};
			name = Release;
		};
		33F7168C1D7802BC0012EE43 /* Debug */ = {
			isa = XCBuildConfiguration;
			buildSettings = {
				INFOPLIST_FILE = "UIBezierPath绘图UITests/Info.plist";
				LD_RUNPATH_SEARCH_PATHS = "$(inherited) @executable_path/Frameworks @loader_path/Frameworks";
				PRODUCT_BUNDLE_IDENTIFIER = "com.tens.UIBezierPath--UITests";
				PRODUCT_NAME = "$(TARGET_NAME)";
				TEST_TARGET_NAME = "UIBezierPath绘图";
			};
			name = Debug;
		};
		33F7168D1D7802BC0012EE43 /* Release */ = {
			isa = XCBuildConfiguration;
			buildSettings = {
				INFOPLIST_FILE = "UIBezierPath绘图UITests/Info.plist";
				LD_RUNPATH_SEARCH_PATHS = "$(inherited) @executable_path/Frameworks @loader_path/Frameworks";
				PRODUCT_BUNDLE_IDENTIFIER = "com.tens.UIBezierPath--UITests";
				PRODUCT_NAME = "$(TARGET_NAME)";
				TEST_TARGET_NAME = "UIBezierPath绘图";
			};
			name = Release;
		};
/* End XCBuildConfiguration section */

/* Begin XCConfigurationList section */
		33F716531D7802BB0012EE43 /* Build configuration list for PBXProject "UIBezierPath绘图" */ = {
			isa = XCConfigurationList;
			buildConfigurations = (
				33F716831D7802BC0012EE43 /* Debug */,
				33F716841D7802BC0012EE43 /* Release */,
			);
			defaultConfigurationIsVisible = 0;
			defaultConfigurationName = Release;
		};
		33F716851D7802BC0012EE43 /* Build configuration list for PBXNativeTarget "UIBezierPath绘图" */ = {
			isa = XCConfigurationList;
			buildConfigurations = (
				33F716861D7802BC0012EE43 /* Debug */,
				33F716871D7802BC0012EE43 /* Release */,
			);
			defaultConfigurationIsVisible = 0;
		};
		33F716881D7802BC0012EE43 /* Build configuration list for PBXNativeTarget "UIBezierPath绘图Tests" */ = {
			isa = XCConfigurationList;
			buildConfigurations = (
				33F716891D7802BC0012EE43 /* Debug */,
				33F7168A1D7802BC0012EE43 /* Release */,
			);
			defaultConfigurationIsVisible = 0;
		};
		33F7168B1D7802BC0012EE43 /* Build configuration list for PBXNativeTarget "UIBezierPath绘图UITests" */ = {
			isa = XCConfigurationList;
			buildConfigurations = (
				33F7168C1D7802BC0012EE43 /* Debug */,
				33F7168D1D7802BC0012EE43 /* Release */,
			);
			defaultConfigurationIsVisible = 0;
		};
/* End XCConfigurationList section */
	};
	rootObject = 33F716501D7802BB0012EE43 /* Project object */;
}
